
Microsoft Visual Studio Solution File, Format Version 12.00
# Visual Studio 15
VisualStudioVersion = 15.0.28010.2046
MinimumVisualStudioVersion = 10.0.40219.1
Project("{FAE04EC0-301F-11D3-BF4B-00C04F79EFBC}") = "OktaBlazor", "OktaBlazor\OktaBlazor.csproj", "{8F6179F1-547C-448D-B571-52A35CEFA06D}"
EndProject
Project("{FAE04EC0-301F-11D3-BF4B-00C04F79EFBC}") = "OktaBlazor.API", "OktaBlazor.API\OktaBlazor.API.csproj", "{A32506A4-99FD-41E9-B00B-784AC293CD1C}"
EndProject
Global
	GlobalSection(SolutionConfigurationPlatforms) = preSolution
		Debug|Any CPU = Debug|Any CPU
		Release|Any CPU = Release|Any CPU
	EndGlobalSection
	GlobalSection(ProjectConfigurationPlatforms) = postSolution
		{8F6179F1-547C-448D-B571-52A35CEFA06D}.Debug|Any CPU.ActiveCfg = Debug|Any CPU
		{8F6179F1-547C-448D-B571-52A35CEFA06D}.Debug|Any CPU.Build.0 = Debug|Any CPU
		{8F6179F1-547C-448D-B571-52A35CEFA06D}.Release|Any CPU.ActiveCfg = Release|Any CPU
		{8F6179F1-547C-448D-B571-52A35CEFA06D}.Release|Any CPU.Build.0 = Release|Any CPU
		{A32506A4-99FD-41E9-B00B-784AC293CD1C}.Debug|Any CPU.ActiveCfg = Debug|Any CPU
		{A32506A4-99FD-41E9-B00B-784AC293CD1C}.Debug|Any CPU.Build.0 = Debug|Any CPU
		{A32506A4-99FD-41E9-B00B-784AC293CD1C}.Release|Any CPU.ActiveCfg = Release|Any CPU
		{A32506A4-99FD-41E9-B00B-784AC293CD1C}.Release|Any CPU.Build.0 = Release|Any CPU
	EndGlobalSection
	GlobalSection(SolutionProperties) = preSolution
		HideSolutionNode = FALSE
	EndGlobalSection
	GlobalSection(ExtensibilityGlobals) = postSolution
		SolutionGuid = {E208BD0B-9922-4922-8BAB-C10897BE1BBA}
	EndGlobalSection
EndGlobal
